// !$*UTF8*$!
{
	archiveVersion = 1;
	classes = {
	};
	objectVersion = 48;
	objects = {

/* Begin PBXBuildFile section */
		3969D622D29F1A05217F3919 /* Pods_devslopes_social.framework in Frameworks */ = {isa = PBXBuildFile; fileRef = 9B28C53B7378D39EBACA0C84 /* Pods_devslopes_social.framework */; };
		9709F4F51F8C793A004CDBFE /* GoogleService-Info.plist in Resources */ = {isa = PBXBuildFile; fileRef = 9709F4F41F8C78A3004CDBFE /* GoogleService-Info.plist */; };
		9709F4F71F8C7B66004CDBFE /* FancyView.swift in Sources */ = {isa = PBXBuildFile; fileRef = 9709F4F61F8C7B66004CDBFE /* FancyView.swift */; };
		9709F4FA1F8C7CF9004CDBFE /* Constants.swift in Sources */ = {isa = PBXBuildFile; fileRef = 9709F4F91F8C7CF9004CDBFE /* Constants.swift */; };
		9709F4FC1F8C7E61004CDBFE /* RoundBtn.swift in Sources */ = {isa = PBXBuildFile; fileRef = 9709F4FB1F8C7E61004CDBFE /* RoundBtn.swift */; };
		9709F4FE1F8C80C5004CDBFE /* FancyField.swift in Sources */ = {isa = PBXBuildFile; fileRef = 9709F4FD1F8C80C5004CDBFE /* FancyField.swift */; };
		9709F5011F8C8217004CDBFE /* FancyBtn.swift in Sources */ = {isa = PBXBuildFile; fileRef = 9709F5001F8C8217004CDBFE /* FancyBtn.swift */; };
		972848F11F8C38570045C782 /* AppDelegate.swift in Sources */ = {isa = PBXBuildFile; fileRef = 972848F01F8C38570045C782 /* AppDelegate.swift */; };
		972848F31F8C38570045C782 /* SignInVC.swift in Sources */ = {isa = PBXBuildFile; fileRef = 972848F21F8C38570045C782 /* SignInVC.swift */; };
		972848F61F8C38570045C782 /* Main.storyboard in Resources */ = {isa = PBXBuildFile; fileRef = 972848F41F8C38570045C782 /* Main.storyboard */; };
		972848F81F8C38570045C782 /* Assets.xcassets in Resources */ = {isa = PBXBuildFile; fileRef = 972848F71F8C38570045C782 /* Assets.xcassets */; };
		972848FB1F8C38570045C782 /* LaunchScreen.storyboard in Resources */ = {isa = PBXBuildFile; fileRef = 972848F91F8C38570045C782 /* LaunchScreen.storyboard */; };
/* End PBXBuildFile section */

/* Begin PBXFileReference section */
		10FC676FC43BE6400B538B1B /* Pods-devslopes-social.debug.xcconfig */ = {isa = PBXFileReference; includeInIndex = 1; lastKnownFileType = text.xcconfig; name = "Pods-devslopes-social.debug.xcconfig"; path = "Pods/Target Support Files/Pods-devslopes-social/Pods-devslopes-social.debug.xcconfig"; sourceTree = "<group>"; };
		9709F4F41F8C78A3004CDBFE /* GoogleService-Info.plist */ = {isa = PBXFileReference; lastKnownFileType = text.plist.xml; path = "GoogleService-Info.plist"; sourceTree = "<group>"; };
		9709F4F61F8C7B66004CDBFE /* FancyView.swift */ = {isa = PBXFileReference; lastKnownFileType = sourcecode.swift; path = FancyView.swift; sourceTree = "<group>"; };
		9709F4F91F8C7CF9004CDBFE /* Constants.swift */ = {isa = PBXFileReference; lastKnownFileType = sourcecode.swift; path = Constants.swift; sourceTree = "<group>"; };
		9709F4FB1F8C7E61004CDBFE /* RoundBtn.swift */ = {isa = PBXFileReference; lastKnownFileType = sourcecode.swift; path = RoundBtn.swift; sourceTree = "<group>"; };
		9709F4FD1F8C80C5004CDBFE /* FancyField.swift */ = {isa = PBXFileReference; lastKnownFileType = sourcecode.swift; path = FancyField.swift; sourceTree = "<group>"; };
		9709F5001F8C8217004CDBFE /* FancyBtn.swift */ = {isa = PBXFileReference; lastKnownFileType = sourcecode.swift; path = FancyBtn.swift; sourceTree = "<group>"; };
		972848ED1F8C38560045C782 /* devslopes-social.app */ = {isa = PBXFileReference; explicitFileType = wrapper.application; includeInIndex = 0; path = "devslopes-social.app"; sourceTree = BUILT_PRODUCTS_DIR; };
		972848F01F8C38570045C782 /* AppDelegate.swift */ = {isa = PBXFileReference; lastKnownFileType = sourcecode.swift; path = AppDelegate.swift; sourceTree = "<group>"; };
		972848F21F8C38570045C782 /* SignInVC.swift */ = {isa = PBXFileReference; lastKnownFileType = sourcecode.swift; path = SignInVC.swift; sourceTree = "<group>"; };
		972848F51F8C38570045C782 /* Base */ = {isa = PBXFileReference; lastKnownFileType = file.storyboard; name = Base; path = Base.lproj/Main.storyboard; sourceTree = "<group>"; };
		972848F71F8C38570045C782 /* Assets.xcassets */ = {isa = PBXFileReference; lastKnownFileType = folder.assetcatalog; path = Assets.xcassets; sourceTree = "<group>"; };
		972848FA1F8C38570045C782 /* Base */ = {isa = PBXFileReference; lastKnownFileType = file.storyboard; name = Base; path = Base.lproj/LaunchScreen.storyboard; sourceTree = "<group>"; };
		972848FC1F8C38570045C782 /* Info.plist */ = {isa = PBXFileReference; lastKnownFileType = text.plist.xml; path = Info.plist; sourceTree = "<group>"; };
		97387ED11F8DCE3D008999E2 /* devslopes-social.entitlements */ = {isa = PBXFileReference; lastKnownFileType = text.plist.entitlements; path = "devslopes-social.entitlements"; sourceTree = "<group>"; };
		9B28C53B7378D39EBACA0C84 /* Pods_devslopes_social.framework */ = {isa = PBXFileReference; explicitFileType = wrapper.framework; includeInIndex = 0; path = Pods_devslopes_social.framework; sourceTree = BUILT_PRODUCTS_DIR; };
		D54F9687B3DB554603B5E32D /* Pods-devslopes-social.release.xcconfig */ = {isa = PBXFileReference; includeInIndex = 1; lastKnownFileType = text.xcconfig; name = "Pods-devslopes-social.release.xcconfig"; path = "Pods/Target Support Files/Pods-devslopes-social/Pods-devslopes-social.release.xcconfig"; sourceTree = "<group>"; };
/* End PBXFileReference section */

/* Begin PBXFrameworksBuildPhase section */
		972848EA1F8C38560045C782 /* Frameworks */ = {
			isa = PBXFrameworksBuildPhase;
			buildActionMask = 2147483647;
			files = (
				3969D622D29F1A05217F3919 /* Pods_devslopes_social.framework in Frameworks */,
			);
			runOnlyForDeploymentPostprocessing = 0;
		};
/* End PBXFrameworksBuildPhase section */

/* Begin PBXGroup section */
		9709F4F81F8C7CE3004CDBFE /* Util */ = {
			isa = PBXGroup;
			children = (
				9709F4F91F8C7CF9004CDBFE /* Constants.swift */,
			);
			path = Util;
			sourceTree = "<group>";
		};
		972848E41F8C38560045C782 = {
			isa = PBXGroup;
			children = (
				972848EF1F8C38560045C782 /* devslopes-social */,
				972848EE1F8C38560045C782 /* Products */,
				C487A74F8B33E0AC1D38A9C8 /* Pods */,
				ECEFBAB466A78983AB96C134 /* Frameworks */,
			);
			sourceTree = "<group>";
		};
		972848EE1F8C38560045C782 /* Products */ = {
			isa = PBXGroup;
			children = (
				972848ED1F8C38560045C782 /* devslopes-social.app */,
			);
			name = Products;
			sourceTree = "<group>";
		};
		972848EF1F8C38560045C782 /* devslopes-social */ = {
			isa = PBXGroup;
			children = (
				97387ED11F8DCE3D008999E2 /* devslopes-social.entitlements */,
				9709F4F81F8C7CE3004CDBFE /* Util */,
				972849031F8C3D220045C782 /* Model */,
				972849041F8C3D2F0045C782 /* View */,
				972849051F8C3D370045C782 /* Controller */,
				972848F01F8C38570045C782 /* AppDelegate.swift */,
				972848F41F8C38570045C782 /* Main.storyboard */,
				972848F71F8C38570045C782 /* Assets.xcassets */,
				972848F91F8C38570045C782 /* LaunchScreen.storyboard */,
				972848FC1F8C38570045C782 /* Info.plist */,
				9709F4F41F8C78A3004CDBFE /* GoogleService-Info.plist */,
			);
			path = "devslopes-social";
			sourceTree = "<group>";
		};
		972849031F8C3D220045C782 /* Model */ = {
			isa = PBXGroup;
			children = (
			);
			path = Model;
			sourceTree = "<group>";
		};
		972849041F8C3D2F0045C782 /* View */ = {
			isa = PBXGroup;
			children = (
				9709F4F61F8C7B66004CDBFE /* FancyView.swift */,
				9709F4FB1F8C7E61004CDBFE /* RoundBtn.swift */,
				9709F4FD1F8C80C5004CDBFE /* FancyField.swift */,
				9709F5001F8C8217004CDBFE /* FancyBtn.swift */,
			);
			path = View;
			sourceTree = "<group>";
		};
		972849051F8C3D370045C782 /* Controller */ = {
			isa = PBXGroup;
			children = (
				972848F21F8C38570045C782 /* SignInVC.swift */,
			);
			path = Controller;
			sourceTree = "<group>";
		};
		C487A74F8B33E0AC1D38A9C8 /* Pods */ = {
			isa = PBXGroup;
			children = (
				10FC676FC43BE6400B538B1B /* Pods-devslopes-social.debug.xcconfig */,
				D54F9687B3DB554603B5E32D /* Pods-devslopes-social.release.xcconfig */,
			);
			name = Pods;
			sourceTree = "<group>";
		};
		ECEFBAB466A78983AB96C134 /* Frameworks */ = {
			isa = PBXGroup;
			children = (
				9B28C53B7378D39EBACA0C84 /* Pods_devslopes_social.framework */,
			);
			name = Frameworks;
			sourceTree = "<group>";
		};
/* End PBXGroup section */

/* Begin PBXNativeTarget section */
		972848EC1F8C38560045C782 /* devslopes-social */ = {
			isa = PBXNativeTarget;
			buildConfigurationList = 972848FF1F8C38570045C782 /* Build configuration list for PBXNativeTarget "devslopes-social" */;
			buildPhases = (
				6C0B0181D3257DDA4D8484E1 /* [CP] Check Pods Manifest.lock */,
				972848E91F8C38560045C782 /* Sources */,
				972848EA1F8C38560045C782 /* Frameworks */,
				972848EB1F8C38560045C782 /* Resources */,
				09EEDF0155A36C8639FDC44F /* [CP] Embed Pods Frameworks */,
				F850C7B60A548EC3B662EB61 /* [CP] Copy Pods Resources */,
			);
			buildRules = (
			);
			dependencies = (
			);
			name = "devslopes-social";
			productName = "devslopes-social";
			productReference = 972848ED1F8C38560045C782 /* devslopes-social.app */;
			productType = "com.apple.product-type.application";
		};
/* End PBXNativeTarget section */

/* Begin PBXProject section */
		972848E51F8C38560045C782 /* Project object */ = {
			isa = PBXProject;
			attributes = {
				LastSwiftUpdateCheck = 0900;
				LastUpgradeCheck = 0900;
				ORGANIZATIONNAME = "Seth Skocelas";
				TargetAttributes = {
					972848EC1F8C38560045C782 = {
						CreatedOnToolsVersion = 9.0;
						ProvisioningStyle = Automatic;
						SystemCapabilities = {
							com.apple.Keychain = {
								enabled = 1;
							};
						};
					};
				};
			};
			buildConfigurationList = 972848E81F8C38560045C782 /* Build configuration list for PBXProject "devslopes-social" */;
			compatibilityVersion = "Xcode 8.0";
			developmentRegion = en;
			hasScannedForEncodings = 0;
			knownRegions = (
				en,
				Base,
			);
			mainGroup = 972848E41F8C38560045C782;
			productRefGroup = 972848EE1F8C38560045C782 /* Products */;
			projectDirPath = "";
			projectRoot = "";
			targets = (
				972848EC1F8C38560045C782 /* devslopes-social */,
			);
		};
/* End PBXProject section */

/* Begin PBXResourcesBuildPhase section */
		972848EB1F8C38560045C782 /* Resources */ = {
			isa = PBXResourcesBuildPhase;
			buildActionMask = 2147483647;
			files = (
				972848FB1F8C38570045C782 /* LaunchScreen.storyboard in Resources */,
				9709F4F51F8C793A004CDBFE /* GoogleService-Info.plist in Resources */,
				972848F81F8C38570045C782 /* Assets.xcassets in Resources */,
				972848F61F8C38570045C782 /* Main.storyboard in Resources */,
			);
			runOnlyForDeploymentPostprocessing = 0;
		};
/* End PBXResourcesBuildPhase section */

/* Begin PBXShellScriptBuildPhase section */
		09EEDF0155A36C8639FDC44F /* [CP] Embed Pods Frameworks */ = {
			isa = PBXShellScriptBuildPhase;
			buildActionMask = 2147483647;
			files = (
			);
			inputPaths = (
				"${SRCROOT}/Pods/Target Support Files/Pods-devslopes-social/Pods-devslopes-social-frameworks.sh",
				"${BUILT_PRODUCTS_DIR}/Bolts/Bolts.framework",
				"${BUILT_PRODUCTS_DIR}/FBSDKCoreKit/FBSDKCoreKit.framework",
				"${BUILT_PRODUCTS_DIR}/FBSDKLoginKit/FBSDKLoginKit.framework",
				"${BUILT_PRODUCTS_DIR}/FBSDKShareKit/FBSDKShareKit.framework",
				"${BUILT_PRODUCTS_DIR}/GTMSessionFetcher/GTMSessionFetcher.framework",
				"${BUILT_PRODUCTS_DIR}/GoogleToolboxForMac/GoogleToolboxForMac.framework",
				"${BUILT_PRODUCTS_DIR}/SwiftKeychainWrapper/SwiftKeychainWrapper.framework",
			);
			name = "[CP] Embed Pods Frameworks";
			outputPaths = (
				"${TARGET_BUILD_DIR}/${FRAMEWORKS_FOLDER_PATH}/Bolts.framework",
				"${TARGET_BUILD_DIR}/${FRAMEWORKS_FOLDER_PATH}/FBSDKCoreKit.framework",
				"${TARGET_BUILD_DIR}/${FRAMEWORKS_FOLDER_PATH}/FBSDKLoginKit.framework",
				"${TARGET_BUILD_DIR}/${FRAMEWORKS_FOLDER_PATH}/FBSDKShareKit.framework",
				"${TARGET_BUILD_DIR}/${FRAMEWORKS_FOLDER_PATH}/GTMSessionFetcher.framework",
				"${TARGET_BUILD_DIR}/${FRAMEWORKS_FOLDER_PATH}/GoogleToolboxForMac.framework",
				"${TARGET_BUILD_DIR}/${FRAMEWORKS_FOLDER_PATH}/SwiftKeychainWrapper.framework",
			);
			runOnlyForDeploymentPostprocessing = 0;
			shellPath = /bin/sh;
			shellScript = "\"${SRCROOT}/Pods/Target Support Files/Pods-devslopes-social/Pods-devslopes-social-frameworks.sh\"\n";
			showEnvVarsInLog = 0;
		};
		6C0B0181D3257DDA4D8484E1 /* [CP] Check Pods Manifest.lock */ = {
			isa = PBXShellScriptBuildPhase;
			buildActionMask = 2147483647;
			files = (
			);
			inputPaths = (
				"${PODS_PODFILE_DIR_PATH}/Podfile.lock",
				"${PODS_ROOT}/Manifest.lock",
			);
			name = "[CP] Check Pods Manifest.lock";
			outputPaths = (
				"$(DERIVED_FILE_DIR)/Pods-devslopes-social-checkManifestLockResult.txt",
			);
			runOnlyForDeploymentPostprocessing = 0;
			shellPath = /bin/sh;
			shellScript = "diff \"${PODS_PODFILE_DIR_PATH}/Podfile.lock\" \"${PODS_ROOT}/Manifest.lock\" > /dev/null\nif [ $? != 0 ] ; then\n    # print error to STDERR\n    echo \"error: The sandbox is not in sync with the Podfile.lock. Run 'pod install' or update your CocoaPods installation.\" >&2\n    exit 1\nfi\n# This output is used by Xcode 'outputs' to avoid re-running this script phase.\necho \"SUCCESS\" > \"${SCRIPT_OUTPUT_FILE_0}\"\n";
			showEnvVarsInLog = 0;
		};
		F850C7B60A548EC3B662EB61 /* [CP] Copy Pods Resources */ = {
			isa = PBXShellScriptBuildPhase;
			buildActionMask = 2147483647;
			files = (
			);
			inputPaths = (
			);
			name = "[CP] Copy Pods Resources";
			outputPaths = (
			);
			runOnlyForDeploymentPostprocessing = 0;
			shellPath = /bin/sh;
			shellScript = "\"${SRCROOT}/Pods/Target Support Files/Pods-devslopes-social/Pods-devslopes-social-resources.sh\"\n";
			showEnvVarsInLog = 0;
		};
/* End PBXShellScriptBuildPhase section */

/* Begin PBXSourcesBuildPhase section */
		972848E91F8C38560045C782 /* Sources */ = {
			isa = PBXSourcesBuildPhase;
			buildActionMask = 2147483647;
			files = (
				9709F4FE1F8C80C5004CDBFE /* FancyField.swift in Sources */,
				972848F31F8C38570045C782 /* SignInVC.swift in Sources */,
				9709F4FC1F8C7E61004CDBFE /* RoundBtn.swift in Sources */,
				972848F11F8C38570045C782 /* AppDelegate.swift in Sources */,
				9709F4F71F8C7B66004CDBFE /* FancyView.swift in Sources */,
				9709F4FA1F8C7CF9004CDBFE /* Constants.swift in Sources */,
				9709F5011F8C8217004CDBFE /* FancyBtn.swift in Sources */,
			);
			runOnlyForDeploymentPostprocessing = 0;
		};
/* End PBXSourcesBuildPhase section */

/* Begin PBXVariantGroup section */
		972848F41F8C38570045C782 /* Main.storyboard */ = {
			isa = PBXVariantGroup;
			children = (
				972848F51F8C38570045C782 /* Base */,
			);
			name = Main.storyboard;
			sourceTree = "<group>";
		};
		972848F91F8C38570045C782 /* LaunchScreen.storyboard */ = {
			isa = PBXVariantGroup;
			children = (
				972848FA1F8C38570045C782 /* Base */,
			);
			name = LaunchScreen.storyboard;
			sourceTree = "<group>";
		};
/* End PBXVariantGroup section */

/* Begin XCBuildConfiguration section */
		972848FD1F8C38570045C782 /* Debug */ = {
			isa = XCBuildConfiguration;
			buildSettings = {
				ALWAYS_SEARCH_USER_PATHS = NO;
				CLANG_ANALYZER_NONNULL = YES;
				CLANG_ANALYZER_NUMBER_OBJECT_CONVERSION = YES_AGGRESSIVE;
				CLANG_CXX_LANGUAGE_STANDARD = "gnu++14";
				CLANG_CXX_LIBRARY = "libc++";
				CLANG_ENABLE_MODULES = YES;
				CLANG_ENABLE_OBJC_ARC = YES;
				CLANG_WARN_BLOCK_CAPTURE_AUTORELEASING = YES;
				CLANG_WARN_BOOL_CONVERSION = YES;
				CLANG_WARN_COMMA = YES;
				CLANG_WARN_CONSTANT_CONVERSION = YES;
				CLANG_WARN_DIRECT_OBJC_ISA_USAGE = YES_ERROR;
				CLANG_WARN_DOCUMENTATION_COMMENTS = YES;
				CLANG_WARN_EMPTY_BODY = YES;
				CLANG_WARN_ENUM_CONVERSION = YES;
				CLANG_WARN_INFINITE_RECURSION = YES;
				CLANG_WARN_INT_CONVERSION = YES;
				CLANG_WARN_NON_LITERAL_NULL_CONVERSION = YES;
				CLANG_WARN_OBJC_LITERAL_CONVERSION = YES;
				CLANG_WARN_OBJC_ROOT_CLASS = YES_ERROR;
				CLANG_WARN_RANGE_LOOP_ANALYSIS = YES;
				CLANG_WARN_STRICT_PROTOTYPES = YES;
				CLANG_WARN_SUSPICIOUS_MOVE = YES;
				CLANG_WARN_UNGUARDED_AVAILABILITY = YES_AGGRESSIVE;
				CLANG_WARN_UNREACHABLE_CODE = YES;
				CLANG_WARN__DUPLICATE_METHOD_MATCH = YES;
				CODE_SIGN_IDENTITY = "iPhone Developer";
				COPY_PHASE_STRIP = NO;
				DEBUG_INFORMATION_FORMAT = dwarf;
				ENABLE_STRICT_OBJC_MSGSEND = YES;
				ENABLE_TESTABILITY = YES;
				GCC_C_LANGUAGE_STANDARD = gnu11;
				GCC_DYNAMIC_NO_PIC = NO;
				GCC_NO_COMMON_BLOCKS = YES;
				GCC_OPTIMIZATION_LEVEL = 0;
				GCC_PREPROCESSOR_DEFINITIONS = (
					"DEBUG=1",
					"$(inherited)",
				);
				GCC_WARN_64_TO_32_BIT_CONVERSION = YES;
				GCC_WARN_ABOUT_RETURN_TYPE = YES_ERROR;
				GCC_WARN_UNDECLARED_SELECTOR = YES;
				GCC_WARN_UNINITIALIZED_AUTOS = YES_AGGRESSIVE;
				GCC_WARN_UNUSED_FUNCTION = YES;
				GCC_WARN_UNUSED_VARIABLE = YES;
				IPHONEOS_DEPLOYMENT_TARGET = 11.0;
				MTL_ENABLE_DEBUG_INFO = YES;
				ONLY_ACTIVE_ARCH = YES;
				SDKROOT = iphoneos;
				SWIFT_ACTIVE_COMPILATION_CONDITIONS = DEBUG;
				SWIFT_OPTIMIZATION_LEVEL = "-Onone";
			};
			name = Debug;
		};
		972848FE1F8C38570045C782 /* Release */ = {
			isa = XCBuildConfiguration;
			buildSettings = {
				ALWAYS_SEARCH_USER_PATHS = NO;
				CLANG_ANALYZER_NONNULL = YES;
				CLANG_ANALYZER_NUMBER_OBJECT_CONVERSION = YES_AGGRESSIVE;
				CLANG_CXX_LANGUAGE_STANDARD = "gnu++14";
				CLANG_CXX_LIBRARY = "libc++";
				CLANG_ENABLE_MODULES = YES;
				CLANG_ENABLE_OBJC_ARC = YES;
				CLANG_WARN_BLOCK_CAPTURE_AUTORELEASING = YES;
				CLANG_WARN_BOOL_CONVERSION = YES;
				CLANG_WARN_COMMA = YES;
				CLANG_WARN_CONSTANT_CONVERSION = YES;
				CLANG_WARN_DIRECT_OBJC_ISA_USAGE = YES_ERROR;
				CLANG_WARN_DOCUMENTATION_COMMENTS = YES;
				CLANG_WARN_EMPTY_BODY = YES;
				CLANG_WARN_ENUM_CONVERSION = YES;
				CLANG_WARN_INFINITE_RECURSION = YES;
				CLANG_WARN_INT_CONVERSION = YES;
				CLANG_WARN_NON_LITERAL_NULL_CONVERSION = YES;
				CLANG_WARN_OBJC_LITERAL_CONVERSION = YES;
				CLANG_WARN_OBJC_ROOT_CLASS = YES_ERROR;
				CLANG_WARN_RANGE_LOOP_ANALYSIS = YES;
				CLANG_WARN_STRICT_PROTOTYPES = YES;
				CLANG_WARN_SUSPICIOUS_MOVE = YES;
				CLANG_WARN_UNGUARDED_AVAILABILITY = YES_AGGRESSIVE;
				CLANG_WARN_UNREACHABLE_CODE = YES;
				CLANG_WARN__DUPLICATE_METHOD_MATCH = YES;
				CODE_SIGN_IDENTITY = "iPhone Developer";
				COPY_PHASE_STRIP = NO;
				DEBUG_INFORMATION_FORMAT = "dwarf-with-dsym";
				ENABLE_NS_ASSERTIONS = NO;
				ENABLE_STRICT_OBJC_MSGSEND = YES;
				GCC_C_LANGUAGE_STANDARD = gnu11;
				GCC_NO_COMMON_BLOCKS = YES;
				GCC_WARN_64_TO_32_BIT_CONVERSION = YES;
				GCC_WARN_ABOUT_RETURN_TYPE = YES_ERROR;
				GCC_WARN_UNDECLARED_SELECTOR = YES;
				GCC_WARN_UNINITIALIZED_AUTOS = YES_AGGRESSIVE;
				GCC_WARN_UNUSED_FUNCTION = YES;
				GCC_WARN_UNUSED_VARIABLE = YES;
				IPHONEOS_DEPLOYMENT_TARGET = 11.0;
				MTL_ENABLE_DEBUG_INFO = NO;
				SDKROOT = iphoneos;
				SWIFT_OPTIMIZATION_LEVEL = "-Owholemodule";
				VALIDATE_PRODUCT = YES;
			};
			name = Release;
		};
		972849001F8C38570045C782 /* Debug */ = {
			isa = XCBuildConfiguration;
			baseConfigurationReference = 10FC676FC43BE6400B538B1B /* Pods-devslopes-social.debug.xcconfig */;
			buildSettings = {
				ASSETCATALOG_COMPILER_APPICON_NAME = AppIcon;
				CODE_SIGN_ENTITLEMENTS = "devslopes-social/devslopes-social.entitlements";
				CODE_SIGN_STYLE = Automatic;
				DEVELOPMENT_TEAM = 4W62KDSXT4;
				INFOPLIST_FILE = "devslopes-social/Info.plist";
				LD_RUNPATH_SEARCH_PATHS = "$(inherited) @executable_path/Frameworks";
				PRODUCT_BUNDLE_IDENTIFIER = "com.sjs.devslopes-social";
				PRODUCT_NAME = "$(TARGET_NAME)";
				SWIFT_VERSION = 4.0;
				TARGETED_DEVICE_FAMILY = "1,2";
			};
			name = Debug;
		};
		972849011F8C38570045C782 /* Release */ = {
			isa = XCBuildConfiguration;
			baseConfigurationReference = D54F9687B3DB554603B5E32D /* Pods-devslopes-social.release.xcconfig */;
			buildSettings = {
				ASSETCATALOG_COMPILER_APPICON_NAME = AppIcon;
				CODE_SIGN_ENTITLEMENTS = "devslopes-social/devslopes-social.entitlements";
				CODE_SIGN_STYLE = Automatic;
				DEVELOPMENT_TEAM = 4W62KDSXT4;
				INFOPLIST_FILE = "devslopes-social/Info.plist";
				LD_RUNPATH_SEARCH_PATHS = "$(inherited) @executable_path/Frameworks";
				PRODUCT_BUNDLE_IDENTIFIER = "com.sjs.devslopes-social";
				PRODUCT_NAME = "$(TARGET_NAME)";
				SWIFT_VERSION = 4.0;
				TARGETED_DEVICE_FAMILY = "1,2";
			};
			name = Release;
		};
/* End XCBuildConfiguration section */

/* Begin XCConfigurationList section */
		972848E81F8C38560045C782 /* Build configuration list for PBXProject "devslopes-social" */ = {
			isa = XCConfigurationList;
			buildConfigurations = (
				972848FD1F8C38570045C782 /* Debug */,
				972848FE1F8C38570045C782 /* Release */,
			);
			defaultConfigurationIsVisible = 0;
			defaultConfigurationName = Release;
		};
		972848FF1F8C38570045C782 /* Build configuration list for PBXNativeTarget "devslopes-social" */ = {
			isa = XCConfigurationList;
			buildConfigurations = (
				972849001F8C38570045C782 /* Debug */,
				972849011F8C38570045C782 /* Release */,
			);
			defaultConfigurationIsVisible = 0;
			defaultConfigurationName = Release;
		};
/* End XCConfigurationList section */
	};
	rootObject = 972848E51F8C38560045C782 /* Project object */;
}
